
Microsoft Visual Studio Solution File, Format Version 12.00
# Visual Studio Version 17
VisualStudioVersion = 17.12.35527.113
MinimumVisualStudioVersion = 10.0.40219.1
Project("{FAE04EC0-301F-11D3-BF4B-00C04F79EFBC}") = "resource_manager", "resource_manager.csproj", "{F03B52EB-12DD-4824-A7CF-B88AA2D454DD}"
	ProjectSection(ProjectDependencies) = postProject
		{7CEFBCA1-D3DC-4FA5-99A3-BCAC84A714B0} = {7CEFBCA1-D3DC-4FA5-99A3-BCAC84A714B0}
	EndProjectSection
EndProject
Project("{FAE04EC0-301F-11D3-BF4B-00C04F79EFBC}") = "resource_manager_db", "..\resource_manager_db\resource_manager_db.csproj", "{73A2DA96-F413-486C-AD72-0A50624DBD55}"
EndProject
Project("{FAE04EC0-301F-11D3-BF4B-00C04F79EFBC}") = "resource_manager_logic", "..\resource_manager_logic\resource_manager_logic.csproj", "{7CEFBCA1-D3DC-4FA5-99A3-BCAC84A714B0}"
	ProjectSection(ProjectDependencies) = postProject
		{73A2DA96-F413-486C-AD72-0A50624DBD55} = {73A2DA96-F413-486C-AD72-0A50624DBD55}
	EndProjectSection
EndProject
Global
	GlobalSection(SolutionConfigurationPlatforms) = preSolution
		Debug|Any CPU = Debug|Any CPU
		Release|Any CPU = Release|Any CPU
	EndGlobalSection
	GlobalSection(ProjectConfigurationPlatforms) = postSolution
		{F03B52EB-12DD-4824-A7CF-B88AA2D454DD}.Debug|Any CPU.ActiveCfg = Debug|Any CPU
		{F03B52EB-12DD-4824-A7CF-B88AA2D454DD}.Debug|Any CPU.Build.0 = Debug|Any CPU
		{F03B52EB-12DD-4824-A7CF-B88AA2D454DD}.Release|Any CPU.ActiveCfg = Release|Any CPU
		{F03B52EB-12DD-4824-A7CF-B88AA2D454DD}.Release|Any CPU.Build.0 = Release|Any CPU
		{73A2DA96-F413-486C-AD72-0A50624DBD55}.Debug|Any CPU.ActiveCfg = Debug|Any CPU
		{73A2DA96-F413-486C-AD72-0A50624DBD55}.Debug|Any CPU.Build.0 = Debug|Any CPU
		{73A2DA96-F413-486C-AD72-0A50624DBD55}.Release|Any CPU.ActiveCfg = Release|Any CPU
		{73A2DA96-F413-486C-AD72-0A50624DBD55}.Release|Any CPU.Build.0 = Release|Any CPU
		{7CEFBCA1-D3DC-4FA5-99A3-BCAC84A714B0}.Debug|Any CPU.ActiveCfg = Debug|Any CPU
		{7CEFBCA1-D3DC-4FA5-99A3-BCAC84A714B0}.Debug|Any CPU.Build.0 = Debug|Any CPU
		{7CEFBCA1-D3DC-4FA5-99A3-BCAC84A714B0}.Release|Any CPU.ActiveCfg = Release|Any CPU
		{7CEFBCA1-D3DC-4FA5-99A3-BCAC84A714B0}.Release|Any CPU.Build.0 = Release|Any CPU
	EndGlobalSection
	GlobalSection(SolutionProperties) = preSolution
		HideSolutionNode = FALSE
	EndGlobalSection
EndGlobal
